
Microsoft Visual Studio Solution File, Format Version 12.00
# Visual Studio Version 17
VisualStudioVersion = 17.11.35327.3
MinimumVisualStudioVersion = 10.0.40219.1
Project("{2150E333-8FDC-42A3-9474-1A3956D46DE8}") = "Src", "Src", "{0C40AF56-9F0D-470F-A968-42862AEEB140}"
EndProject
Project("{9A19103F-16F7-4668-BE54-9A1E7A4F7556}") = "Core", "Src\Core\Core.csproj", "{46A18BD9-A56A-46DA-98D6-9DB42A6C7061}"
EndProject
Project("{9A19103F-16F7-4668-BE54-9A1E7A4F7556}") = "Infrastructure", "Src\Infrastructure\Infrastructure.csproj", "{05E6FF1C-7264-47BB-918A-642928855BED}"
EndProject
Project("{9A19103F-16F7-4668-BE54-9A1E7A4F7556}") = "Application", "Src\Application\Application.csproj", "{9469E758-86CE-4C37-93B4-4010D73C278F}"
EndProject
Project("{9A19103F-16F7-4668-BE54-9A1E7A4F7556}") = "Api", "Src\Api\Api.csproj", "{1FE72C31-E94C-45E7-B6CD-FF70F3C489FD}"
EndProject
Project("{2150E333-8FDC-42A3-9474-1A3956D46DE8}") = "Migrators", "Migrators", "{34161545-F4A9-41C9-8887-A89A471AB45E}"
EndProject
Project("{9A19103F-16F7-4668-BE54-9A1E7A4F7556}") = "Database.PostgreSql", "Src\Migrators\Database.PostgreSql\Database.PostgreSql.csproj", "{6636CAAF-84A9-4D03-B2C7-EBB7982AF4D7}"
EndProject
Global
	GlobalSection(SolutionConfigurationPlatforms) = preSolution
		Debug|Any CPU = Debug|Any CPU
		Release|Any CPU = Release|Any CPU
	EndGlobalSection
	GlobalSection(ProjectConfigurationPlatforms) = postSolution
		{46A18BD9-A56A-46DA-98D6-9DB42A6C7061}.Debug|Any CPU.ActiveCfg = Debug|Any CPU
		{46A18BD9-A56A-46DA-98D6-9DB42A6C7061}.Debug|Any CPU.Build.0 = Debug|Any CPU
		{46A18BD9-A56A-46DA-98D6-9DB42A6C7061}.Release|Any CPU.ActiveCfg = Release|Any CPU
		{46A18BD9-A56A-46DA-98D6-9DB42A6C7061}.Release|Any CPU.Build.0 = Release|Any CPU
		{05E6FF1C-7264-47BB-918A-642928855BED}.Debug|Any CPU.ActiveCfg = Debug|Any CPU
		{05E6FF1C-7264-47BB-918A-642928855BED}.Debug|Any CPU.Build.0 = Debug|Any CPU
		{05E6FF1C-7264-47BB-918A-642928855BED}.Release|Any CPU.ActiveCfg = Release|Any CPU
		{05E6FF1C-7264-47BB-918A-642928855BED}.Release|Any CPU.Build.0 = Release|Any CPU
		{9469E758-86CE-4C37-93B4-4010D73C278F}.Debug|Any CPU.ActiveCfg = Debug|Any CPU
		{9469E758-86CE-4C37-93B4-4010D73C278F}.Debug|Any CPU.Build.0 = Debug|Any CPU
		{9469E758-86CE-4C37-93B4-4010D73C278F}.Release|Any CPU.ActiveCfg = Release|Any CPU
		{9469E758-86CE-4C37-93B4-4010D73C278F}.Release|Any CPU.Build.0 = Release|Any CPU
		{1FE72C31-E94C-45E7-B6CD-FF70F3C489FD}.Debug|Any CPU.ActiveCfg = Debug|Any CPU
		{1FE72C31-E94C-45E7-B6CD-FF70F3C489FD}.Debug|Any CPU.Build.0 = Debug|Any CPU
		{1FE72C31-E94C-45E7-B6CD-FF70F3C489FD}.Release|Any CPU.ActiveCfg = Release|Any CPU
		{1FE72C31-E94C-45E7-B6CD-FF70F3C489FD}.Release|Any CPU.Build.0 = Release|Any CPU
		{6636CAAF-84A9-4D03-B2C7-EBB7982AF4D7}.Debug|Any CPU.ActiveCfg = Debug|Any CPU
		{6636CAAF-84A9-4D03-B2C7-EBB7982AF4D7}.Debug|Any CPU.Build.0 = Debug|Any CPU
		{6636CAAF-84A9-4D03-B2C7-EBB7982AF4D7}.Release|Any CPU.ActiveCfg = Release|Any CPU
		{6636CAAF-84A9-4D03-B2C7-EBB7982AF4D7}.Release|Any CPU.Build.0 = Release|Any CPU
	EndGlobalSection
	GlobalSection(SolutionProperties) = preSolution
		HideSolutionNode = FALSE
	EndGlobalSection
	GlobalSection(NestedProjects) = preSolution
		{46A18BD9-A56A-46DA-98D6-9DB42A6C7061} = {0C40AF56-9F0D-470F-A968-42862AEEB140}
		{05E6FF1C-7264-47BB-918A-642928855BED} = {0C40AF56-9F0D-470F-A968-42862AEEB140}
		{9469E758-86CE-4C37-93B4-4010D73C278F} = {0C40AF56-9F0D-470F-A968-42862AEEB140}
		{1FE72C31-E94C-45E7-B6CD-FF70F3C489FD} = {0C40AF56-9F0D-470F-A968-42862AEEB140}
		{34161545-F4A9-41C9-8887-A89A471AB45E} = {0C40AF56-9F0D-470F-A968-42862AEEB140}
		{6636CAAF-84A9-4D03-B2C7-EBB7982AF4D7} = {34161545-F4A9-41C9-8887-A89A471AB45E}
	EndGlobalSection
	GlobalSection(ExtensibilityGlobals) = postSolution
		SolutionGuid = {638E5755-661A-443A-B133-0319325225B7}
	EndGlobalSection
EndGlobal
